
Microsoft Visual Studio Solution File, Format Version 12.00
# Visual Studio Version 17
VisualStudioVersion = 17.12.35514.174 d17.12
MinimumVisualStudioVersion = 10.0.40219.1
Project("{FAE04EC0-301F-11D3-BF4B-00C04F79EFBC}") = "QuizManagement.API", "QuizManagement.API\QuizManagement.API.csproj", "{8240B190-7B0D-4DE3-A6C6-E84B6D85FC52}"
EndProject
Project("{FAE04EC0-301F-11D3-BF4B-00C04F79EFBC}") = "QuizManagement.Application", "QuizManagement.Application\QuizManagement.Application.csproj", "{8CB11983-AFBF-49C8-874A-FC875F03FE2B}"
EndProject
Project("{FAE04EC0-301F-11D3-BF4B-00C04F79EFBC}") = "QuizManagement.Domain", "QuizManagement.Domain\QuizManagement.Domain.csproj", "{6A1F412F-0336-41A0-B510-EC1D42AD2E83}"
EndProject
Project("{FAE04EC0-301F-11D3-BF4B-00C04F79EFBC}") = "QuizManagement.Infrastructure", "QuizManagement.Infrastructure\QuizManagement.Infrastructure.csproj", "{5CC570F8-E3F3-4AD9-9496-2C5E46E6187F}"
EndProject
Global
	GlobalSection(SolutionConfigurationPlatforms) = preSolution
		Debug|Any CPU = Debug|Any CPU
		Release|Any CPU = Release|Any CPU
	EndGlobalSection
	GlobalSection(ProjectConfigurationPlatforms) = postSolution
		{8240B190-7B0D-4DE3-A6C6-E84B6D85FC52}.Debug|Any CPU.ActiveCfg = Debug|Any CPU
		{8240B190-7B0D-4DE3-A6C6-E84B6D85FC52}.Debug|Any CPU.Build.0 = Debug|Any CPU
		{8240B190-7B0D-4DE3-A6C6-E84B6D85FC52}.Release|Any CPU.ActiveCfg = Release|Any CPU
		{8240B190-7B0D-4DE3-A6C6-E84B6D85FC52}.Release|Any CPU.Build.0 = Release|Any CPU
		{8CB11983-AFBF-49C8-874A-FC875F03FE2B}.Debug|Any CPU.ActiveCfg = Debug|Any CPU
		{8CB11983-AFBF-49C8-874A-FC875F03FE2B}.Debug|Any CPU.Build.0 = Debug|Any CPU
		{8CB11983-AFBF-49C8-874A-FC875F03FE2B}.Release|Any CPU.ActiveCfg = Release|Any CPU
		{8CB11983-AFBF-49C8-874A-FC875F03FE2B}.Release|Any CPU.Build.0 = Release|Any CPU
		{6A1F412F-0336-41A0-B510-EC1D42AD2E83}.Debug|Any CPU.ActiveCfg = Debug|Any CPU
		{6A1F412F-0336-41A0-B510-EC1D42AD2E83}.Debug|Any CPU.Build.0 = Debug|Any CPU
		{6A1F412F-0336-41A0-B510-EC1D42AD2E83}.Release|Any CPU.ActiveCfg = Release|Any CPU
		{6A1F412F-0336-41A0-B510-EC1D42AD2E83}.Release|Any CPU.Build.0 = Release|Any CPU
		{5CC570F8-E3F3-4AD9-9496-2C5E46E6187F}.Debug|Any CPU.ActiveCfg = Debug|Any CPU
		{5CC570F8-E3F3-4AD9-9496-2C5E46E6187F}.Debug|Any CPU.Build.0 = Debug|Any CPU
		{5CC570F8-E3F3-4AD9-9496-2C5E46E6187F}.Release|Any CPU.ActiveCfg = Release|Any CPU
		{5CC570F8-E3F3-4AD9-9496-2C5E46E6187F}.Release|Any CPU.Build.0 = Release|Any CPU
	EndGlobalSection
	GlobalSection(SolutionProperties) = preSolution
		HideSolutionNode = FALSE
	EndGlobalSection
EndGlobal
